
Microsoft Visual Studio Solution File, Format Version 12.00
# Visual Studio Version 16
VisualStudioVersion = 16.0.810.12
MinimumVisualStudioVersion = 10.0.40219.1
Project("{FAE04EC0-301F-11D3-BF4B-00C04F79EFBC}") = "test_1", "test_1\test_1.csproj", "{84B72BC0-97C4-4F16-94E9-F8A524002C62}"
EndProject
Project("{FAE04EC0-301F-11D3-BF4B-00C04F79EFBC}") = "Addition", "Addition\Addition.csproj", "{5417B508-D754-4E50-A69F-426DA1942C17}"
EndProject
Project("{FAE04EC0-301F-11D3-BF4B-00C04F79EFBC}") = "Formatting", "Formatting\Formatting.csproj", "{5F6A43FC-6321-499C-98E5-3696126A05B3}"
EndProject
Project("{FAE04EC0-301F-11D3-BF4B-00C04F79EFBC}") = "EnumeratedType", "EnumeratedType\EnumeratedType.csproj", "{99BD5D5A-6357-4E87-B579-435AF32EA064}"
EndProject
Global
	GlobalSection(SolutionConfigurationPlatforms) = preSolution
		Debug|Any CPU = Debug|Any CPU
		Release|Any CPU = Release|Any CPU
	EndGlobalSection
	GlobalSection(ProjectConfigurationPlatforms) = postSolution
		{84B72BC0-97C4-4F16-94E9-F8A524002C62}.Debug|Any CPU.ActiveCfg = Debug|Any CPU
		{84B72BC0-97C4-4F16-94E9-F8A524002C62}.Debug|Any CPU.Build.0 = Debug|Any CPU
		{84B72BC0-97C4-4F16-94E9-F8A524002C62}.Release|Any CPU.ActiveCfg = Release|Any CPU
		{84B72BC0-97C4-4F16-94E9-F8A524002C62}.Release|Any CPU.Build.0 = Release|Any CPU
		{5417B508-D754-4E50-A69F-426DA1942C17}.Debug|Any CPU.ActiveCfg = Debug|Any CPU
		{5417B508-D754-4E50-A69F-426DA1942C17}.Debug|Any CPU.Build.0 = Debug|Any CPU
		{5417B508-D754-4E50-A69F-426DA1942C17}.Release|Any CPU.ActiveCfg = Release|Any CPU
		{5417B508-D754-4E50-A69F-426DA1942C17}.Release|Any CPU.Build.0 = Release|Any CPU
		{5F6A43FC-6321-499C-98E5-3696126A05B3}.Debug|Any CPU.ActiveCfg = Debug|Any CPU
		{5F6A43FC-6321-499C-98E5-3696126A05B3}.Debug|Any CPU.Build.0 = Debug|Any CPU
		{5F6A43FC-6321-499C-98E5-3696126A05B3}.Release|Any CPU.ActiveCfg = Release|Any CPU
		{5F6A43FC-6321-499C-98E5-3696126A05B3}.Release|Any CPU.Build.0 = Release|Any CPU
		{99BD5D5A-6357-4E87-B579-435AF32EA064}.Debug|Any CPU.ActiveCfg = Debug|Any CPU
		{99BD5D5A-6357-4E87-B579-435AF32EA064}.Debug|Any CPU.Build.0 = Debug|Any CPU
		{99BD5D5A-6357-4E87-B579-435AF32EA064}.Release|Any CPU.ActiveCfg = Release|Any CPU
		{99BD5D5A-6357-4E87-B579-435AF32EA064}.Release|Any CPU.Build.0 = Release|Any CPU
	EndGlobalSection
	GlobalSection(SolutionProperties) = preSolution
		HideSolutionNode = FALSE
	EndGlobalSection
	GlobalSection(ExtensibilityGlobals) = postSolution
		SolutionGuid = {F94FA9F7-DD1A-4681-B380-CF8125452B6D}
	EndGlobalSection
EndGlobal
